{
  "requires": true,
  "lockfileVersion": 1,
  "dependencies": {
    "sweetalert2": {
      "version": "10.9.1",
      "resolved": "https://registry.npmjs.org/sweetalert2/-/sweetalert2-10.9.1.tgz",
      "integrity": "sha512-StLC1DI646iYUWH4I35HDytfLaz5lBAyvc0rGZ1yx+U8y4NJIcOKbgAFocgM+J4PElGCB6/EZMfTt4JhUAtF5g=="
    }
  }
}
